
Microsoft Visual Studio Solution File, Format Version 12.00
# Visual Studio Version 16
VisualStudioVersion = 16.0.31702.278
MinimumVisualStudioVersion = 10.0.40219.1
Project("{FAE04EC0-301F-11D3-BF4B-00C04F79EFBC}") = "Lab 1", "Lab 1.csproj", "{AEAD707E-B47F-4D46-B19A-467619B06032}"
EndProject
Global
	GlobalSection(SolutionConfigurationPlatforms) = preSolution
		Debug|Any CPU = Debug|Any CPU
		Release|Any CPU = Release|Any CPU
	EndGlobalSection
	GlobalSection(ProjectConfigurationPlatforms) = postSolution
		{AEAD707E-B47F-4D46-B19A-467619B06032}.Debug|Any CPU.ActiveCfg = Debug|Any CPU
		{AEAD707E-B47F-4D46-B19A-467619B06032}.Debug|Any CPU.Build.0 = Debug|Any CPU
		{AEAD707E-B47F-4D46-B19A-467619B06032}.Release|Any CPU.ActiveCfg = Release|Any CPU
		{AEAD707E-B47F-4D46-B19A-467619B06032}.Release|Any CPU.Build.0 = Release|Any CPU
	EndGlobalSection
	GlobalSection(SolutionProperties) = preSolution
		HideSolutionNode = FALSE
	EndGlobalSection
	GlobalSection(ExtensibilityGlobals) = postSolution
		SolutionGuid = {65D5CCA7-0AD3-452B-BBCE-55F1EC5D2E0B}
	EndGlobalSection
EndGlobal
